
Microsoft Visual Studio Solution File, Format Version 12.00
# Visual Studio Version 17
VisualStudioVersion = 17.7.34018.315
MinimumVisualStudioVersion = 10.0.40219.1
Project("{FAE04EC0-301F-11D3-BF4B-00C04F79EFBC}") = "flappybird", "flappybird.csproj", "{6A22BF89-AA7B-4557-8C02-461818C123AB}"
EndProject
Global
	GlobalSection(SolutionConfigurationPlatforms) = preSolution
		Debug|Any CPU = Debug|Any CPU
		Release|Any CPU = Release|Any CPU
	EndGlobalSection
	GlobalSection(ProjectConfigurationPlatforms) = postSolution
		{6A22BF89-AA7B-4557-8C02-461818C123AB}.Debug|Any CPU.ActiveCfg = Debug|Any CPU
		{6A22BF89-AA7B-4557-8C02-461818C123AB}.Debug|Any CPU.Build.0 = Debug|Any CPU
		{6A22BF89-AA7B-4557-8C02-461818C123AB}.Release|Any CPU.ActiveCfg = Release|Any CPU
		{6A22BF89-AA7B-4557-8C02-461818C123AB}.Release|Any CPU.Build.0 = Release|Any CPU
	EndGlobalSection
	GlobalSection(SolutionProperties) = preSolution
		HideSolutionNode = FALSE
	EndGlobalSection
	GlobalSection(ExtensibilityGlobals) = postSolution
		SolutionGuid = {7A8DA309-EF6E-4D9E-9FE0-6B2468E8E5E0}
	EndGlobalSection
EndGlobal
